
Microsoft Visual Studio Solution File, Format Version 12.00
# Visual Studio Version 16
VisualStudioVersion = 16.0.31321.278
MinimumVisualStudioVersion = 10.0.40219.1
Project("{FAE04EC0-301F-11D3-BF4B-00C04F79EFBC}") = "TwentyTwentyTwenty", "TwentyTwentyTwenty\TwentyTwentyTwenty.csproj", "{FED3EEC2-69CF-4B0F-9FAF-5F6FD49DA3CC}"
EndProject
Global
	GlobalSection(SolutionConfigurationPlatforms) = preSolution
		Debug|Any CPU = Debug|Any CPU
		Release|Any CPU = Release|Any CPU
	EndGlobalSection
	GlobalSection(ProjectConfigurationPlatforms) = postSolution
		{FED3EEC2-69CF-4B0F-9FAF-5F6FD49DA3CC}.Debug|Any CPU.ActiveCfg = Debug|Any CPU
		{FED3EEC2-69CF-4B0F-9FAF-5F6FD49DA3CC}.Debug|Any CPU.Build.0 = Debug|Any CPU
		{FED3EEC2-69CF-4B0F-9FAF-5F6FD49DA3CC}.Release|Any CPU.ActiveCfg = Release|Any CPU
		{FED3EEC2-69CF-4B0F-9FAF-5F6FD49DA3CC}.Release|Any CPU.Build.0 = Release|Any CPU
	EndGlobalSection
	GlobalSection(SolutionProperties) = preSolution
		HideSolutionNode = FALSE
	EndGlobalSection
	GlobalSection(ExtensibilityGlobals) = postSolution
		SolutionGuid = {5D9115D2-1ED8-4ED6-BE69-07BE5FAEB5EC}
	EndGlobalSection
EndGlobal
